
Microsoft Visual Studio Solution File, Format Version 12.00
# Visual Studio Version 16
VisualStudioVersion = 16.0.30717.126
MinimumVisualStudioVersion = 10.0.40219.1
Project("{9A19103F-16F7-4668-BE54-9A1E7A4F7556}") = "LogMS.Website", "LogMS.Website\LogMS.Website.csproj", "{6F920D8D-BE0F-4008-98BF-9F85A669733E}"
EndProject
Project("{9A19103F-16F7-4668-BE54-9A1E7A4F7556}") = "LogMS.Domain", "LogMS.Domain\LogMS.Domain.csproj", "{EC93473E-B8A3-45AC-A212-91517770A177}"
EndProject
Project("{FAE04EC0-301F-11D3-BF4B-00C04F79EFBC}") = "LogMS.Db", "LogMS.Db\LogMS.Db.csproj", "{7BCC4918-FA58-45D7-8B5A-A2DADBEEF211}"
EndProject
Global
	GlobalSection(SolutionConfigurationPlatforms) = preSolution
		Debug|Any CPU = Debug|Any CPU
		Release|Any CPU = Release|Any CPU
	EndGlobalSection
	GlobalSection(ProjectConfigurationPlatforms) = postSolution
		{6F920D8D-BE0F-4008-98BF-9F85A669733E}.Debug|Any CPU.ActiveCfg = Debug|Any CPU
		{6F920D8D-BE0F-4008-98BF-9F85A669733E}.Debug|Any CPU.Build.0 = Debug|Any CPU
		{6F920D8D-BE0F-4008-98BF-9F85A669733E}.Release|Any CPU.ActiveCfg = Release|Any CPU
		{6F920D8D-BE0F-4008-98BF-9F85A669733E}.Release|Any CPU.Build.0 = Release|Any CPU
		{EC93473E-B8A3-45AC-A212-91517770A177}.Debug|Any CPU.ActiveCfg = Debug|Any CPU
		{EC93473E-B8A3-45AC-A212-91517770A177}.Debug|Any CPU.Build.0 = Debug|Any CPU
		{EC93473E-B8A3-45AC-A212-91517770A177}.Release|Any CPU.ActiveCfg = Release|Any CPU
		{EC93473E-B8A3-45AC-A212-91517770A177}.Release|Any CPU.Build.0 = Release|Any CPU
		{7BCC4918-FA58-45D7-8B5A-A2DADBEEF211}.Debug|Any CPU.ActiveCfg = Debug|Any CPU
		{7BCC4918-FA58-45D7-8B5A-A2DADBEEF211}.Debug|Any CPU.Build.0 = Debug|Any CPU
		{7BCC4918-FA58-45D7-8B5A-A2DADBEEF211}.Release|Any CPU.ActiveCfg = Release|Any CPU
		{7BCC4918-FA58-45D7-8B5A-A2DADBEEF211}.Release|Any CPU.Build.0 = Release|Any CPU
	EndGlobalSection
	GlobalSection(SolutionProperties) = preSolution
		HideSolutionNode = FALSE
	EndGlobalSection
	GlobalSection(ExtensibilityGlobals) = postSolution
		SolutionGuid = {F85E0BD3-6B9E-4D9A-92B7-E50B1EFFB06A}
	EndGlobalSection
EndGlobal
